
Microsoft Visual Studio Solution File, Format Version 12.00
# Visual Studio Version 17
VisualStudioVersion = 17.0.31903.59
MinimumVisualStudioVersion = 10.0.40219.1
Project("{FAE04EC0-301F-11D3-BF4B-00C04F79EFBC}") = "LMS.Domain", "LMS.Domain\LMS.Domain.csproj", "{89A7E024-4ECE-4ACD-AE11-5D152946B02B}"
EndProject
Project("{FAE04EC0-301F-11D3-BF4B-00C04F79EFBC}") = "LMS.Application", "LMS.Application\LMS.Application.csproj", "{E8B0A4FC-6EC9-4A08-A0A5-61A199574A8B}"
EndProject
Project("{FAE04EC0-301F-11D3-BF4B-00C04F79EFBC}") = "LMS.Infrastructure", "LMS.Infrastructure\LMS.Infrastructure.csproj", "{D9789CC9-EC26-47BB-937F-E9E7E2DE1BD3}"
EndProject
Project("{FAE04EC0-301F-11D3-BF4B-00C04F79EFBC}") = "LMS.WebApi", "LMS.WebApi\LMS.WebApi.csproj", "{6F7FF1CF-24A1-4E80-882B-55C7AE37B83E}"
EndProject
Project("{2150E333-8FDC-42A3-9474-1A3956D46DE8}") = "tests", "tests", "{0AB3BF05-4346-4AA6-1389-037BE0695223}"
EndProject
Project("{FAE04EC0-301F-11D3-BF4B-00C04F79EFBC}") = "LMS.Tests", "tests\LMS.Tests\LMS.Tests.csproj", "{55DDC68C-DF0E-4879-AB8F-06BBD5819C7A}"
EndProject
Global
	GlobalSection(SolutionConfigurationPlatforms) = preSolution
		Debug|Any CPU = Debug|Any CPU
		Debug|x64 = Debug|x64
		Debug|x86 = Debug|x86
		Release|Any CPU = Release|Any CPU
		Release|x64 = Release|x64
		Release|x86 = Release|x86
	EndGlobalSection
	GlobalSection(ProjectConfigurationPlatforms) = postSolution
		{89A7E024-4ECE-4ACD-AE11-5D152946B02B}.Debug|Any CPU.ActiveCfg = Debug|Any CPU
		{89A7E024-4ECE-4ACD-AE11-5D152946B02B}.Debug|Any CPU.Build.0 = Debug|Any CPU
		{89A7E024-4ECE-4ACD-AE11-5D152946B02B}.Debug|x64.ActiveCfg = Debug|Any CPU
		{89A7E024-4ECE-4ACD-AE11-5D152946B02B}.Debug|x64.Build.0 = Debug|Any CPU
		{89A7E024-4ECE-4ACD-AE11-5D152946B02B}.Debug|x86.ActiveCfg = Debug|Any CPU
		{89A7E024-4ECE-4ACD-AE11-5D152946B02B}.Debug|x86.Build.0 = Debug|Any CPU
		{89A7E024-4ECE-4ACD-AE11-5D152946B02B}.Release|Any CPU.ActiveCfg = Release|Any CPU
		{89A7E024-4ECE-4ACD-AE11-5D152946B02B}.Release|Any CPU.Build.0 = Release|Any CPU
		{89A7E024-4ECE-4ACD-AE11-5D152946B02B}.Release|x64.ActiveCfg = Release|Any CPU
		{89A7E024-4ECE-4ACD-AE11-5D152946B02B}.Release|x64.Build.0 = Release|Any CPU
		{89A7E024-4ECE-4ACD-AE11-5D152946B02B}.Release|x86.ActiveCfg = Release|Any CPU
		{89A7E024-4ECE-4ACD-AE11-5D152946B02B}.Release|x86.Build.0 = Release|Any CPU
		{E8B0A4FC-6EC9-4A08-A0A5-61A199574A8B}.Debug|Any CPU.ActiveCfg = Debug|Any CPU
		{E8B0A4FC-6EC9-4A08-A0A5-61A199574A8B}.Debug|Any CPU.Build.0 = Debug|Any CPU
		{E8B0A4FC-6EC9-4A08-A0A5-61A199574A8B}.Debug|x64.ActiveCfg = Debug|Any CPU
		{E8B0A4FC-6EC9-4A08-A0A5-61A199574A8B}.Debug|x64.Build.0 = Debug|Any CPU
		{E8B0A4FC-6EC9-4A08-A0A5-61A199574A8B}.Debug|x86.ActiveCfg = Debug|Any CPU
		{E8B0A4FC-6EC9-4A08-A0A5-61A199574A8B}.Debug|x86.Build.0 = Debug|Any CPU
		{E8B0A4FC-6EC9-4A08-A0A5-61A199574A8B}.Release|Any CPU.ActiveCfg = Release|Any CPU
		{E8B0A4FC-6EC9-4A08-A0A5-61A199574A8B}.Release|Any CPU.Build.0 = Release|Any CPU
		{E8B0A4FC-6EC9-4A08-A0A5-61A199574A8B}.Release|x64.ActiveCfg = Release|Any CPU
		{E8B0A4FC-6EC9-4A08-A0A5-61A199574A8B}.Release|x64.Build.0 = Release|Any CPU
		{E8B0A4FC-6EC9-4A08-A0A5-61A199574A8B}.Release|x86.ActiveCfg = Release|Any CPU
		{E8B0A4FC-6EC9-4A08-A0A5-61A199574A8B}.Release|x86.Build.0 = Release|Any CPU
		{D9789CC9-EC26-47BB-937F-E9E7E2DE1BD3}.Debug|Any CPU.ActiveCfg = Debug|Any CPU
		{D9789CC9-EC26-47BB-937F-E9E7E2DE1BD3}.Debug|Any CPU.Build.0 = Debug|Any CPU
		{D9789CC9-EC26-47BB-937F-E9E7E2DE1BD3}.Debug|x64.ActiveCfg = Debug|Any CPU
		{D9789CC9-EC26-47BB-937F-E9E7E2DE1BD3}.Debug|x64.Build.0 = Debug|Any CPU
		{D9789CC9-EC26-47BB-937F-E9E7E2DE1BD3}.Debug|x86.ActiveCfg = Debug|Any CPU
		{D9789CC9-EC26-47BB-937F-E9E7E2DE1BD3}.Debug|x86.Build.0 = Debug|Any CPU
		{D9789CC9-EC26-47BB-937F-E9E7E2DE1BD3}.Release|Any CPU.ActiveCfg = Release|Any CPU
		{D9789CC9-EC26-47BB-937F-E9E7E2DE1BD3}.Release|Any CPU.Build.0 = Release|Any CPU
		{D9789CC9-EC26-47BB-937F-E9E7E2DE1BD3}.Release|x64.ActiveCfg = Release|Any CPU
		{D9789CC9-EC26-47BB-937F-E9E7E2DE1BD3}.Release|x64.Build.0 = Release|Any CPU
		{D9789CC9-EC26-47BB-937F-E9E7E2DE1BD3}.Release|x86.ActiveCfg = Release|Any CPU
		{D9789CC9-EC26-47BB-937F-E9E7E2DE1BD3}.Release|x86.Build.0 = Release|Any CPU
		{6F7FF1CF-24A1-4E80-882B-55C7AE37B83E}.Debug|Any CPU.ActiveCfg = Debug|Any CPU
		{6F7FF1CF-24A1-4E80-882B-55C7AE37B83E}.Debug|Any CPU.Build.0 = Debug|Any CPU
		{6F7FF1CF-24A1-4E80-882B-55C7AE37B83E}.Debug|x64.ActiveCfg = Debug|Any CPU
		{6F7FF1CF-24A1-4E80-882B-55C7AE37B83E}.Debug|x64.Build.0 = Debug|Any CPU
		{6F7FF1CF-24A1-4E80-882B-55C7AE37B83E}.Debug|x86.ActiveCfg = Debug|Any CPU
		{6F7FF1CF-24A1-4E80-882B-55C7AE37B83E}.Debug|x86.Build.0 = Debug|Any CPU
		{6F7FF1CF-24A1-4E80-882B-55C7AE37B83E}.Release|Any CPU.ActiveCfg = Release|Any CPU
		{6F7FF1CF-24A1-4E80-882B-55C7AE37B83E}.Release|Any CPU.Build.0 = Release|Any CPU
		{6F7FF1CF-24A1-4E80-882B-55C7AE37B83E}.Release|x64.ActiveCfg = Release|Any CPU
		{6F7FF1CF-24A1-4E80-882B-55C7AE37B83E}.Release|x64.Build.0 = Release|Any CPU
		{6F7FF1CF-24A1-4E80-882B-55C7AE37B83E}.Release|x86.ActiveCfg = Release|Any CPU
		{6F7FF1CF-24A1-4E80-882B-55C7AE37B83E}.Release|x86.Build.0 = Release|Any CPU
		{55DDC68C-DF0E-4879-AB8F-06BBD5819C7A}.Debug|Any CPU.ActiveCfg = Debug|Any CPU
		{55DDC68C-DF0E-4879-AB8F-06BBD5819C7A}.Debug|Any CPU.Build.0 = Debug|Any CPU
		{55DDC68C-DF0E-4879-AB8F-06BBD5819C7A}.Debug|x64.ActiveCfg = Debug|Any CPU
		{55DDC68C-DF0E-4879-AB8F-06BBD5819C7A}.Debug|x64.Build.0 = Debug|Any CPU
		{55DDC68C-DF0E-4879-AB8F-06BBD5819C7A}.Debug|x86.ActiveCfg = Debug|Any CPU
		{55DDC68C-DF0E-4879-AB8F-06BBD5819C7A}.Debug|x86.Build.0 = Debug|Any CPU
		{55DDC68C-DF0E-4879-AB8F-06BBD5819C7A}.Release|Any CPU.ActiveCfg = Release|Any CPU
		{55DDC68C-DF0E-4879-AB8F-06BBD5819C7A}.Release|Any CPU.Build.0 = Release|Any CPU
		{55DDC68C-DF0E-4879-AB8F-06BBD5819C7A}.Release|x64.ActiveCfg = Release|Any CPU
		{55DDC68C-DF0E-4879-AB8F-06BBD5819C7A}.Release|x64.Build.0 = Release|Any CPU
		{55DDC68C-DF0E-4879-AB8F-06BBD5819C7A}.Release|x86.ActiveCfg = Release|Any CPU
		{55DDC68C-DF0E-4879-AB8F-06BBD5819C7A}.Release|x86.Build.0 = Release|Any CPU
	EndGlobalSection
	GlobalSection(SolutionProperties) = preSolution
		HideSolutionNode = FALSE
	EndGlobalSection
	GlobalSection(NestedProjects) = preSolution
		{55DDC68C-DF0E-4879-AB8F-06BBD5819C7A} = {0AB3BF05-4346-4AA6-1389-037BE0695223}
	EndGlobalSection
EndGlobal
